# THIS IS AN AUTOGENERATED FILE. DO NOT EDIT THIS FILE DIRECTLY.
# yarn lockfile v1


"@types/backbone@1.4.15":
  version "1.4.15"
  resolved "https://registry.yarnpkg.com/@types/backbone/-/backbone-1.4.15.tgz#505323ab8fea11ecaec74cb3f73d569a4e5eb779"
  integrity sha512-WWeKtYlsIMtDyLbbhkb96taJMEbfQBnuz7yw1u0pkphCOtksemoWhIXhK74VRCY9hbjnsH3rsJu2uUiFtnsEYg==
  dependencies:
    "@types/jquery" "*"
    "@types/underscore" "*"

"@types/jquery@*":
  version "4.0.1"
  resolved "https://registry.yarnpkg.com/@types/jquery/-/jquery-4.0.1.tgz#7c08ca6492876b70e11e4724af35b347069038cd"
  integrity sha512-9a59A/tycXgYuPABcp6/3spSShn0NT2UOM4EfHvMumjYi4lJWTsK5SZWjhx3yRm9IHGCeWXdV2YfNsrWrft/CA==

"@types/mjml-core@*":
  version "5.1.0"
  resolved "https://registry.yarnpkg.com/@types/mjml-core/-/mjml-core-5.1.0.tgz#e1cd0667a8de820de5018d6748156b6d791430c7"
  integrity sha512-dYYmvGIHFi4wzsV+zX7UhP4C5QFSKeTjk53uQcadyIpTrrpJSs8JCZEKfSCrbKS7Hev3aR62b2dg58IeuwiR/w==

"@types/mjml@^4.7.4":
  version "4.7.4"
  resolved "https://registry.yarnpkg.com/@types/mjml/-/mjml-4.7.4.tgz#f486c9e39dd1e5cf52e13e64bdc762be116e957d"
  integrity sha512-vyi1vzWgMzFMwZY7GSZYX0GU0dmtC8vLHwpgk+NWmwbwRSrlieVyJ9sn5elodwUfklJM7yGl0zQeet1brKTWaQ==
  dependencies:
    "@types/mjml-core" "*"

"@types/underscore@*":
  version "1.13.0"
  resolved "https://registry.yarnpkg.com/@types/underscore/-/underscore-1.13.0.tgz#dd8c034a92e5b8e24650c31af43d807c5340cee4"
  integrity sha512-L6LBgy1f0EFQZ+7uSA57+n2g/s4Qs5r06Vwrwn0/nuK1de+adz00NWaztRQ30aEqw5qOaWbPI8u2cGQ52lj6VA==

backbone-undo@0.2.6:
  version "0.2.6"
  resolved "https://registry.yarnpkg.com/backbone-undo/-/backbone-undo-0.2.6.tgz#00c4d78ab2425c18a76f2a96a1eee181560a5d8d"
  integrity sha512-AsfpNiljLXlk7TcffDUu3EAUq7CxWbyTNwARWrql5XTzN4vh6WzEEBZYaKK4kTTz+iW1tSzqUooaGRIwO83kWA==
  dependencies:
    backbone ">=1.0.0"
    underscore ">=1.4.4"

backbone@1.4.1:
  version "1.4.1"
  resolved "https://registry.yarnpkg.com/backbone/-/backbone-1.4.1.tgz#099a78184bc07b034048a8332229c2ccca1e3e62"
  integrity sha512-ADy1ztN074YkWbHi8ojJVFe3vAanO/lrzMGZWUClIP7oDD/Pjy2vrASraUP+2EVCfIiTtCW4FChVow01XneivA==
  dependencies:
    underscore ">=1.8.3"

backbone@>=1.0.0:
  version "1.6.1"
  resolved "https://registry.yarnpkg.com/backbone/-/backbone-1.6.1.tgz#6e067777767f54b9e150d3de825f7d66e7ed77d0"
  integrity sha512-YQzWxOrIgL6BoFnZjThVN99smKYhyEXXFyJJ2lsF1wJLyo4t+QjmkLrH8/fN22FZ4ykF70Xq7PgTugJVR4zS9Q==
  dependencies:
    underscore ">=1.8.3"

codemirror-formatting@1.0.0:
  version "1.0.0"
  resolved "https://registry.yarnpkg.com/codemirror-formatting/-/codemirror-formatting-1.0.0.tgz#879cc1fdd9018343c1d5511769ce5360d705ebf2"
  integrity sha512-br9yM6eJI3pJHekEnoyHaBEb1B7XxxDjju+vRyBe8QGLp5saTIXXkZ+eFCTqXSAtI8QEZDFVEX2/SOjH2sVWRQ==

codemirror@5.63.0:
  version "5.63.0"
  resolved "https://registry.yarnpkg.com/codemirror/-/codemirror-5.63.0.tgz#070a699108badd9c118b7261ac2e9793acdbb149"
  integrity sha512-KlLWRPggDg2rBD1Mx7/EqEhaBdy+ybBCVh/efgjBDsPpMeEu6MbTAJzIT4TuCzvmbTEgvKOGzVT6wdBTNusqrg==

grapesjs-mjml@1.0.8:
  version "1.0.8"
  resolved "https://registry.yarnpkg.com/grapesjs-mjml/-/grapesjs-mjml-1.0.8.tgz#f2f42fb09e930af30dc3e8e7b11587b687ffcffe"
  integrity sha512-cgaKwuGcBVgFCyqqK39kraPfw5DiA8qIyHKsDoMpOUqPY+ubMznx6U2M1NC9UKwD+gDCy/VVctyhb/aJAgyPNw==
  dependencies:
    "@types/mjml" "^4.7.4"
    mjml-browser "^4.18.0"

grapesjs@0.23.6:
  version "0.23.6"
  resolved "https://registry.yarnpkg.com/grapesjs/-/grapesjs-0.23.6.tgz#29c0deb14faa73366c9f507a1c14edc1a8bf55ec"
  integrity sha512-I8M/sPWjHm6MLIdUtRFNOKsQ3PtDgIDsc2S8ANkJsfHj3ZoH98oNMMWr64Kx22XgjHCQ4xpUx7nvXyQSKV1mrQ==
  dependencies:
    "@types/backbone" "1.4.15"
    backbone "1.4.1"
    backbone-undo "0.2.6"
    codemirror "5.63.0"
    codemirror-formatting "1.0.0"
    html-entities "~1.4.0"
    promise-polyfill "8.3.0"
    underscore "1.13.8"

html-entities@~1.4.0:
  version "1.4.0"
  resolved "https://registry.yarnpkg.com/html-entities/-/html-entities-1.4.0.tgz#cfbd1b01d2afaf9adca1b10ae7dffab98c71d2dc"
  integrity sha512-8nxjcBcd8wovbeKx7h3wTji4e6+rhaVuPNpMqwWgnHh+N9ToqsCs6XztWRBPQ+UtzsoMAdKZtUENoVzU/EMtZA==

mjml-browser@^4.18.0:
  version "4.18.0"
  resolved "https://registry.yarnpkg.com/mjml-browser/-/mjml-browser-4.18.0.tgz#4b76083e33855926d3b869403d03c1cdff8e8409"
  integrity sha512-Y3kpr3IFBk3Wm7AwONZ5vDAX7FxAaMk+RKbcKKewsuGI9oNCOSM2dWNcWVFdzZ9PF7awoaCgBSQudnJaJbUiBA==

mrml@1.6.1:
  version "1.6.1"
  resolved "https://registry.yarnpkg.com/mrml/-/mrml-1.6.1.tgz#bcd0f8f84071988c78b11927e5f7dff132abeb80"
  integrity sha512-yA+AjczelRhVSvHTfnRPM9TKwNjMWhu9oIM33J05HU8Q9wSvAsAV/dJvcJ7/Y9sOPTkP40G7hKhchirK3Z3O5w==

promise-polyfill@8.3.0:
  version "8.3.0"
  resolved "https://registry.yarnpkg.com/promise-polyfill/-/promise-polyfill-8.3.0.tgz#9284810268138d103807b11f4e23d5e945a4db63"
  integrity sha512-H5oELycFml5yto/atYqmjyigJoAo3+OXwolYiH7OfQuYlAqhxNvTfiNMbV9hsC6Yp83yE5r2KTVmtrG6R9i6Pg==

underscore@1.13.8, underscore@>=1.4.4, underscore@>=1.8.3:
  version "1.13.8"
  resolved "https://registry.yarnpkg.com/underscore/-/underscore-1.13.8.tgz#a93a21186c049dbf0e847496dba72b7bd8c1e92b"
  integrity sha512-DXtD3ZtEQzc7M8m4cXotyHR+FAS18C64asBYY5vqZexfYryNNnDc02W4hKg3rdQuqOYas1jkseX0+nZXjTXnvQ==
